# This file is generated by running "yarn install" inside your project.
# Manual changes might be lost - proceed with caution!

__metadata:
  version: 8
  cacheKey: 10c0

"@belize/magik-bytes@workspace:.":
  version: 0.0.0-use.local
  resolution: "@belize/magik-bytes@workspace:."
  dependencies:
    "@napi-rs/cli": "npm:^2.18.3"
    "@types/node": "npm:^20.14.11"
  languageName: unknown
  linkType: soft

"@napi-rs/cli@npm:^2.18.3":
  version: 2.18.4
  resolution: "@napi-rs/cli@npm:2.18.4"
  bin:
    napi: scripts/index.js
  checksum: 10c0/cb80bc86687ba01077a0faa8d38198bc632b7caacf3a42ec42c3ec04700084ca26be9eec13bf7ac7da90e6afb46c65a39de8a86825a53b74dec2f2f459c0a7ea
  languageName: node
  linkType: hard

"@types/node@npm:^20.14.11":
  version: 20.14.11
  resolution: "@types/node@npm:20.14.11"
  dependencies:
    undici-types: "npm:~5.26.4"
  checksum: 10c0/5306becc0ff41d81b1e31524bd376e958d0741d1ce892dffd586b9ae0cb6553c62b0d62abd16da8bea6b9a2c17572d360450535d7c073794b0cef9cb4e39691e
  languageName: node
  linkType: hard

"undici-types@npm:~5.26.4":
  version: 5.26.5
  resolution: "undici-types@npm:5.26.5"
  checksum: 10c0/bb673d7876c2d411b6eb6c560e0c571eef4a01c1c19925175d16e3a30c4c428181fb8d7ae802a261f283e4166a0ac435e2f505743aa9e45d893f9a3df017b501
  languageName: node
  linkType: hard
